// !$*UTF8*$!
{
	archiveVersion = 1;
	classes = {
	};
	objectVersion = 50;
	objects = {

/* Begin PBXBuildFile section */
		7D66E5D92099CF720094F616 /* wizard.cpp in Sources */ = {isa = PBXBuildFile; fileRef = 7D66E5D72099CF720094F616 /* wizard.cpp */; };
		7D826A5B208E3D1A009E563B /* imageLoader.cpp in Sources */ = {isa = PBXBuildFile; fileRef = 7D826A59208E3D1A009E563B /* imageLoader.cpp */; };
		7D826A5E208F88AD009E563B /* imageProcessor.cpp in Sources */ = {isa = PBXBuildFile; fileRef = 7D826A5C208F88AD009E563B /* imageProcessor.cpp */; };
		7D8D96D42078BE6D0091EB78 /* main.cpp in Sources */ = {isa = PBXBuildFile; fileRef = 7D8D96D32078BE6D0091EB78 /* main.cpp */; };
		7DCA19C92090E1BA00E61955 /* backgroundSubtractor.cpp in Sources */ = {isa = PBXBuildFile; fileRef = 7DCA19C72090E1BA00E61955 /* backgroundSubtractor.cpp */; };
		7DE9073F20966D5100BF6C5C /* tree.cpp in Sources */ = {isa = PBXBuildFile; fileRef = 7DE9073D20966D5100BF6C5C /* tree.cpp */; };
/* End PBXBuildFile section */

/* Begin PBXCopyFilesBuildPhase section */
		7D8D96CE2078BE6D0091EB78 /* CopyFiles */ = {
			isa = PBXCopyFilesBuildPhase;
			buildActionMask = 2147483647;
			dstPath = /usr/share/man/man1/;
			dstSubfolderSpec = 0;
			files = (
			);
			runOnlyForDeploymentPostprocessing = 1;
		};
/* End PBXCopyFilesBuildPhase section */

/* Begin PBXFileReference section */
		7D66E5D72099CF720094F616 /* wizard.cpp */ = {isa = PBXFileReference; lastKnownFileType = sourcecode.cpp.cpp; path = wizard.cpp; sourceTree = "<group>"; };
		7D66E5D82099CF720094F616 /* wizard.hpp */ = {isa = PBXFileReference; lastKnownFileType = sourcecode.cpp.h; path = wizard.hpp; sourceTree = "<group>"; };
		7D826A59208E3D1A009E563B /* imageLoader.cpp */ = {isa = PBXFileReference; lastKnownFileType = sourcecode.cpp.cpp; path = imageLoader.cpp; sourceTree = "<group>"; };
		7D826A5A208E3D1A009E563B /* imageLoader.hpp */ = {isa = PBXFileReference; lastKnownFileType = sourcecode.cpp.h; path = imageLoader.hpp; sourceTree = "<group>"; };
		7D826A5C208F88AD009E563B /* imageProcessor.cpp */ = {isa = PBXFileReference; lastKnownFileType = sourcecode.cpp.cpp; path = imageProcessor.cpp; sourceTree = "<group>"; };
		7D826A5D208F88AD009E563B /* imageProcessor.hpp */ = {isa = PBXFileReference; lastKnownFileType = sourcecode.cpp.h; path = imageProcessor.hpp; sourceTree = "<group>"; };
		7D8D96D02078BE6D0091EB78 /* OpenCV test */ = {isa = PBXFileReference; explicitFileType = "compiled.mach-o.executable"; includeInIndex = 0; path = "OpenCV test"; sourceTree = BUILT_PRODUCTS_DIR; };
		7D8D96D32078BE6D0091EB78 /* main.cpp */ = {isa = PBXFileReference; lastKnownFileType = sourcecode.cpp.cpp; path = main.cpp; sourceTree = "<group>"; };
		7DCA19C72090E1BA00E61955 /* backgroundSubtractor.cpp */ = {isa = PBXFileReference; lastKnownFileType = sourcecode.cpp.cpp; path = backgroundSubtractor.cpp; sourceTree = "<group>"; };
		7DCA19C82090E1BA00E61955 /* backgroundSubtractor.hpp */ = {isa = PBXFileReference; lastKnownFileType = sourcecode.cpp.h; path = backgroundSubtractor.hpp; sourceTree = "<group>"; };
		7DE9073D20966D5100BF6C5C /* tree.cpp */ = {isa = PBXFileReference; lastKnownFileType = sourcecode.cpp.cpp; path = tree.cpp; sourceTree = "<group>"; };
		7DE9073E20966D5100BF6C5C /* tree.hpp */ = {isa = PBXFileReference; lastKnownFileType = sourcecode.cpp.h; path = tree.hpp; sourceTree = "<group>"; };
/* End PBXFileReference section */

/* Begin PBXFrameworksBuildPhase section */
		7D8D96CD2078BE6D0091EB78 /* Frameworks */ = {
			isa = PBXFrameworksBuildPhase;
			buildActionMask = 2147483647;
			files = (
			);
			runOnlyForDeploymentPostprocessing = 0;
		};
/* End PBXFrameworksBuildPhase section */

/* Begin PBXGroup section */
		7D8D96C72078BE6D0091EB78 = {
			isa = PBXGroup;
			children = (
				7D8D96D22078BE6D0091EB78 /* OpenCV test */,
				7D8D96D12078BE6D0091EB78 /* Products */,
			);
			sourceTree = "<group>";
		};
		7D8D96D12078BE6D0091EB78 /* Products */ = {
			isa = PBXGroup;
			children = (
				7D8D96D02078BE6D0091EB78 /* OpenCV test */,
			);
			name = Products;
			sourceTree = "<group>";
		};
		7D8D96D22078BE6D0091EB78 /* OpenCV test */ = {
			isa = PBXGroup;
			children = (
				7D826A59208E3D1A009E563B /* imageLoader.cpp */,
				7D66E5D72099CF720094F616 /* wizard.cpp */,
				7D66E5D82099CF720094F616 /* wizard.hpp */,
				7D826A5A208E3D1A009E563B /* imageLoader.hpp */,
				7DCA19C72090E1BA00E61955 /* backgroundSubtractor.cpp */,
				7DCA19C82090E1BA00E61955 /* backgroundSubtractor.hpp */,
				7D826A5C208F88AD009E563B /* imageProcessor.cpp */,
				7D826A5D208F88AD009E563B /* imageProcessor.hpp */,
				7D8D96D32078BE6D0091EB78 /* main.cpp */,
				7DE9073D20966D5100BF6C5C /* tree.cpp */,
				7DE9073E20966D5100BF6C5C /* tree.hpp */,
			);
			path = "OpenCV test";
			sourceTree = "<group>";
		};
/* End PBXGroup section */

/* Begin PBXNativeTarget section */
		7D8D96CF2078BE6D0091EB78 /* OpenCV test */ = {
			isa = PBXNativeTarget;
			buildConfigurationList = 7D8D96D72078BE6D0091EB78 /* Build configuration list for PBXNativeTarget "OpenCV test" */;
			buildPhases = (
				7D8D96CC2078BE6D0091EB78 /* Sources */,
				7D8D96CD2078BE6D0091EB78 /* Frameworks */,
				7D8D96CE2078BE6D0091EB78 /* CopyFiles */,
			);
			buildRules = (
			);
			dependencies = (
			);
			name = "OpenCV test";
			productName = "OpenCV test";
			productReference = 7D8D96D02078BE6D0091EB78 /* OpenCV test */;
			productType = "com.apple.product-type.tool";
		};
/* End PBXNativeTarget section */

/* Begin PBXProject section */
		7D8D96C82078BE6D0091EB78 /* Project object */ = {
			isa = PBXProject;
			attributes = {
				LastUpgradeCheck = 0930;
				ORGANIZATIONNAME = "Stefanos Mitropoulos";
				TargetAttributes = {
					7D8D96CF2078BE6D0091EB78 = {
						CreatedOnToolsVersion = 9.3;
					};
				};
			};
			buildConfigurationList = 7D8D96CB2078BE6D0091EB78 /* Build configuration list for PBXProject "OpenCV test" */;
			compatibilityVersion = "Xcode 9.3";
			developmentRegion = en;
			hasScannedForEncodings = 0;
			knownRegions = (
				en,
			);
			mainGroup = 7D8D96C72078BE6D0091EB78;
			productRefGroup = 7D8D96D12078BE6D0091EB78 /* Products */;
			projectDirPath = "";
			projectRoot = "";
			targets = (
				7D8D96CF2078BE6D0091EB78 /* OpenCV test */,
			);
		};
/* End PBXProject section */

/* Begin PBXSourcesBuildPhase section */
		7D8D96CC2078BE6D0091EB78 /* Sources */ = {
			isa = PBXSourcesBuildPhase;
			buildActionMask = 2147483647;
			files = (
				7D66E5D92099CF720094F616 /* wizard.cpp in Sources */,
				7DCA19C92090E1BA00E61955 /* backgroundSubtractor.cpp in Sources */,
				7D826A5E208F88AD009E563B /* imageProcessor.cpp in Sources */,
				7D826A5B208E3D1A009E563B /* imageLoader.cpp in Sources */,
				7DE9073F20966D5100BF6C5C /* tree.cpp in Sources */,
				7D8D96D42078BE6D0091EB78 /* main.cpp in Sources */,
			);
			runOnlyForDeploymentPostprocessing = 0;
		};
/* End PBXSourcesBuildPhase section */

/* Begin XCBuildConfiguration section */
		7D8D96D52078BE6D0091EB78 /* Debug */ = {
			isa = XCBuildConfiguration;
			buildSettings = {
				ALWAYS_SEARCH_USER_PATHS = NO;
				CLANG_ANALYZER_NONNULL = YES;
				CLANG_ANALYZER_NUMBER_OBJECT_CONVERSION = YES_AGGRESSIVE;
				CLANG_CXX_LANGUAGE_STANDARD = "gnu++14";
				CLANG_CXX_LIBRARY = "libc++";
				CLANG_ENABLE_MODULES = YES;
				CLANG_ENABLE_OBJC_ARC = YES;
				CLANG_ENABLE_OBJC_WEAK = YES;
				CLANG_WARN_BLOCK_CAPTURE_AUTORELEASING = YES;
				CLANG_WARN_BOOL_CONVERSION = YES;
				CLANG_WARN_COMMA = YES;
				CLANG_WARN_CONSTANT_CONVERSION = YES;
				CLANG_WARN_DEPRECATED_OBJC_IMPLEMENTATIONS = YES;
				CLANG_WARN_DIRECT_OBJC_ISA_USAGE = YES_ERROR;
				CLANG_WARN_DOCUMENTATION_COMMENTS = YES;
				CLANG_WARN_EMPTY_BODY = YES;
				CLANG_WARN_ENUM_CONVERSION = YES;
				CLANG_WARN_INFINITE_RECURSION = YES;
				CLANG_WARN_INT_CONVERSION = YES;
				CLANG_WARN_NON_LITERAL_NULL_CONVERSION = YES;
				CLANG_WARN_OBJC_IMPLICIT_RETAIN_SELF = YES;
				CLANG_WARN_OBJC_LITERAL_CONVERSION = YES;
				CLANG_WARN_OBJC_ROOT_CLASS = YES_ERROR;
				CLANG_WARN_RANGE_LOOP_ANALYSIS = YES;
				CLANG_WARN_STRICT_PROTOTYPES = YES;
				CLANG_WARN_SUSPICIOUS_MOVE = YES;
				CLANG_WARN_UNGUARDED_AVAILABILITY = YES_AGGRESSIVE;
				CLANG_WARN_UNREACHABLE_CODE = YES;
				CLANG_WARN__DUPLICATE_METHOD_MATCH = YES;
				CODE_SIGN_IDENTITY = "-";
				COPY_PHASE_STRIP = NO;
				DEBUG_INFORMATION_FORMAT = dwarf;
				ENABLE_STRICT_OBJC_MSGSEND = YES;
				ENABLE_TESTABILITY = YES;
				GCC_C_LANGUAGE_STANDARD = gnu11;
				GCC_DYNAMIC_NO_PIC = NO;
				GCC_NO_COMMON_BLOCKS = YES;
				GCC_OPTIMIZATION_LEVEL = 0;
				GCC_PREPROCESSOR_DEFINITIONS = (
					"DEBUG=1",
					"$(inherited)",
				);
				GCC_WARN_64_TO_32_BIT_CONVERSION = YES;
				GCC_WARN_ABOUT_RETURN_TYPE = YES_ERROR;
				GCC_WARN_UNDECLARED_SELECTOR = YES;
				GCC_WARN_UNINITIALIZED_AUTOS = YES_AGGRESSIVE;
				GCC_WARN_UNUSED_FUNCTION = YES;
				GCC_WARN_UNUSED_VARIABLE = YES;
				MACOSX_DEPLOYMENT_TARGET = 10.13;
				MTL_ENABLE_DEBUG_INFO = YES;
				ONLY_ACTIVE_ARCH = YES;
				SDKROOT = macosx;
			};
			name = Debug;
		};
		7D8D96D62078BE6D0091EB78 /* Release */ = {
			isa = XCBuildConfiguration;
			buildSettings = {
				ALWAYS_SEARCH_USER_PATHS = NO;
				CLANG_ANALYZER_NONNULL = YES;
				CLANG_ANALYZER_NUMBER_OBJECT_CONVERSION = YES_AGGRESSIVE;
				CLANG_CXX_LANGUAGE_STANDARD = "gnu++14";
				CLANG_CXX_LIBRARY = "libc++";
				CLANG_ENABLE_MODULES = YES;
				CLANG_ENABLE_OBJC_ARC = YES;
				CLANG_ENABLE_OBJC_WEAK = YES;
				CLANG_WARN_BLOCK_CAPTURE_AUTORELEASING = YES;
				CLANG_WARN_BOOL_CONVERSION = YES;
				CLANG_WARN_COMMA = YES;
				CLANG_WARN_CONSTANT_CONVERSION = YES;
				CLANG_WARN_DEPRECATED_OBJC_IMPLEMENTATIONS = YES;
				CLANG_WARN_DIRECT_OBJC_ISA_USAGE = YES_ERROR;
				CLANG_WARN_DOCUMENTATION_COMMENTS = YES;
				CLANG_WARN_EMPTY_BODY = YES;
				CLANG_WARN_ENUM_CONVERSION = YES;
				CLANG_WARN_INFINITE_RECURSION = YES;
				CLANG_WARN_INT_CONVERSION = YES;
				CLANG_WARN_NON_LITERAL_NULL_CONVERSION = YES;
				CLANG_WARN_OBJC_IMPLICIT_RETAIN_SELF = YES;
				CLANG_WARN_OBJC_LITERAL_CONVERSION = YES;
				CLANG_WARN_OBJC_ROOT_CLASS = YES_ERROR;
				CLANG_WARN_RANGE_LOOP_ANALYSIS = YES;
				CLANG_WARN_STRICT_PROTOTYPES = YES;
				CLANG_WARN_SUSPICIOUS_MOVE = YES;
				CLANG_WARN_UNGUARDED_AVAILABILITY = YES_AGGRESSIVE;
				CLANG_WARN_UNREACHABLE_CODE = YES;
				CLANG_WARN__DUPLICATE_METHOD_MATCH = YES;
				CODE_SIGN_IDENTITY = "-";
				COPY_PHASE_STRIP = NO;
				DEBUG_INFORMATION_FORMAT = "dwarf-with-dsym";
				ENABLE_NS_ASSERTIONS = NO;
				ENABLE_STRICT_OBJC_MSGSEND = YES;
				GCC_C_LANGUAGE_STANDARD = gnu11;
				GCC_NO_COMMON_BLOCKS = YES;
				GCC_WARN_64_TO_32_BIT_CONVERSION = YES;
				GCC_WARN_ABOUT_RETURN_TYPE = YES_ERROR;
				GCC_WARN_UNDECLARED_SELECTOR = YES;
				GCC_WARN_UNINITIALIZED_AUTOS = YES_AGGRESSIVE;
				GCC_WARN_UNUSED_FUNCTION = YES;
				GCC_WARN_UNUSED_VARIABLE = YES;
				MACOSX_DEPLOYMENT_TARGET = 10.13;
				MTL_ENABLE_DEBUG_INFO = NO;
				SDKROOT = macosx;
			};
			name = Release;
		};
		7D8D96D82078BE6D0091EB78 /* Debug */ = {
			isa = XCBuildConfiguration;
			buildSettings = {
				CODE_SIGN_STYLE = Automatic;
				HEADER_SEARCH_PATHS = /usr/local/include;
				LIBRARY_SEARCH_PATHS = /usr/local/lib;
				OTHER_LDFLAGS = (
					"-lopencv_videostab\n-lopencv_videoio\n-lopencv_video\n-lopencv_superres\n-lopencv_stitching\n-lopencv_shape\n-lopencv_photo\n-lopencv_objdetect\n-lopencv_ml\n-lopencv_imgproc\n-lopencv_imgcodecs\n-lopencv_highgui\n-lopencv_flann\n-lopencv_features2d\n-lopencv_core\n-lopencv_calib3d\n-lopencv_imgcodecs",
				);
				PRODUCT_NAME = "$(TARGET_NAME)";
			};
			name = Debug;
		};
		7D8D96D92078BE6D0091EB78 /* Release */ = {
			isa = XCBuildConfiguration;
			buildSettings = {
				CODE_SIGN_STYLE = Automatic;
				HEADER_SEARCH_PATHS = /usr/local/include;
				LIBRARY_SEARCH_PATHS = /usr/local/lib;
				OTHER_LDFLAGS = (
					"-lopencv_videostab\n-lopencv_videoio\n-lopencv_video\n-lopencv_superres\n-lopencv_stitching\n-lopencv_shape\n-lopencv_photo\n-lopencv_objdetect\n-lopencv_ml\n-lopencv_imgproc\n-lopencv_imgcodecs\n-lopencv_highgui\n-lopencv_flann\n-lopencv_features2d\n-lopencv_core\n-lopencv_calib3d\n-lopencv_imgcodecs",
				);
				PRODUCT_NAME = "$(TARGET_NAME)";
			};
			name = Release;
		};
/* End XCBuildConfiguration section */

/* Begin XCConfigurationList section */
		7D8D96CB2078BE6D0091EB78 /* Build configuration list for PBXProject "OpenCV test" */ = {
			isa = XCConfigurationList;
			buildConfigurations = (
				7D8D96D52078BE6D0091EB78 /* Debug */,
				7D8D96D62078BE6D0091EB78 /* Release */,
			);
			defaultConfigurationIsVisible = 0;
			defaultConfigurationName = Release;
		};
		7D8D96D72078BE6D0091EB78 /* Build configuration list for PBXNativeTarget "OpenCV test" */ = {
			isa = XCConfigurationList;
			buildConfigurations = (
				7D8D96D82078BE6D0091EB78 /* Debug */,
				7D8D96D92078BE6D0091EB78 /* Release */,
			);
			defaultConfigurationIsVisible = 0;
			defaultConfigurationName = Release;
		};
/* End XCConfigurationList section */
	};
	rootObject = 7D8D96C82078BE6D0091EB78 /* Project object */;
}
